
Microsoft Visual Studio Solution File, Format Version 12.00
# Visual Studio Version 17
VisualStudioVersion = 17.3.32811.315
MinimumVisualStudioVersion = 10.0.40219.1
Project("{9A19103F-16F7-4668-BE54-9A1E7A4F7556}") = "Server", "Server\Server.csproj", "{578C7FFB-9F02-4C96-89CB-CBE4618FB138}"
EndProject
Project("{9A19103F-16F7-4668-BE54-9A1E7A4F7556}") = "ServerCore", "ServerCore\ServerCore.csproj", "{F906B214-6443-41D8-9343-8B013783FC85}"
EndProject
Project("{9A19103F-16F7-4668-BE54-9A1E7A4F7556}") = "DummyClient", "DummyClient\DummyClient.csproj", "{3667EB5D-58EB-4353-8601-B809423103F1}"
EndProject
Project("{9A19103F-16F7-4668-BE54-9A1E7A4F7556}") = "Study", "Study\Study.csproj", "{02EB614D-F907-4DB3-A755-BD106FA25FD7}"
EndProject
Project("{FAE04EC0-301F-11D3-BF4B-00C04F79EFBC}") = "PacketGenerator", "PacketGenerator\PacketGenerator.csproj", "{4456B4E1-2017-412D-B2C6-87A628C90C33}"
EndProject
Project("{2150E333-8FDC-42A3-9474-1A3956D46DE8}") = "Tools", "Tools", "{7DFF1764-2EE6-480E-9547-E06785CAE41D}"
EndProject
Global
	GlobalSection(SolutionConfigurationPlatforms) = preSolution
		Debug|Any CPU = Debug|Any CPU
		Debug|x64 = Debug|x64
		Debug|x86 = Debug|x86
		Release|Any CPU = Release|Any CPU
		Release|x64 = Release|x64
		Release|x86 = Release|x86
	EndGlobalSection
	GlobalSection(ProjectConfigurationPlatforms) = postSolution
		{578C7FFB-9F02-4C96-89CB-CBE4618FB138}.Debug|Any CPU.ActiveCfg = Debug|Any CPU
		{578C7FFB-9F02-4C96-89CB-CBE4618FB138}.Debug|Any CPU.Build.0 = Debug|Any CPU
		{578C7FFB-9F02-4C96-89CB-CBE4618FB138}.Debug|x64.ActiveCfg = Debug|Any CPU
		{578C7FFB-9F02-4C96-89CB-CBE4618FB138}.Debug|x64.Build.0 = Debug|Any CPU
		{578C7FFB-9F02-4C96-89CB-CBE4618FB138}.Debug|x86.ActiveCfg = Debug|Any CPU
		{578C7FFB-9F02-4C96-89CB-CBE4618FB138}.Debug|x86.Build.0 = Debug|Any CPU
		{578C7FFB-9F02-4C96-89CB-CBE4618FB138}.Release|Any CPU.ActiveCfg = Release|Any CPU
		{578C7FFB-9F02-4C96-89CB-CBE4618FB138}.Release|Any CPU.Build.0 = Release|Any CPU
		{578C7FFB-9F02-4C96-89CB-CBE4618FB138}.Release|x64.ActiveCfg = Release|Any CPU
		{578C7FFB-9F02-4C96-89CB-CBE4618FB138}.Release|x64.Build.0 = Release|Any CPU
		{578C7FFB-9F02-4C96-89CB-CBE4618FB138}.Release|x86.ActiveCfg = Release|Any CPU
		{578C7FFB-9F02-4C96-89CB-CBE4618FB138}.Release|x86.Build.0 = Release|Any CPU
		{F906B214-6443-41D8-9343-8B013783FC85}.Debug|Any CPU.ActiveCfg = Debug|Any CPU
		{F906B214-6443-41D8-9343-8B013783FC85}.Debug|Any CPU.Build.0 = Debug|Any CPU
		{F906B214-6443-41D8-9343-8B013783FC85}.Debug|x64.ActiveCfg = Debug|Any CPU
		{F906B214-6443-41D8-9343-8B013783FC85}.Debug|x64.Build.0 = Debug|Any CPU
		{F906B214-6443-41D8-9343-8B013783FC85}.Debug|x86.ActiveCfg = Debug|Any CPU
		{F906B214-6443-41D8-9343-8B013783FC85}.Debug|x86.Build.0 = Debug|Any CPU
		{F906B214-6443-41D8-9343-8B013783FC85}.Release|Any CPU.ActiveCfg = Release|Any CPU
		{F906B214-6443-41D8-9343-8B013783FC85}.Release|Any CPU.Build.0 = Release|Any CPU
		{F906B214-6443-41D8-9343-8B013783FC85}.Release|x64.ActiveCfg = Release|Any CPU
		{F906B214-6443-41D8-9343-8B013783FC85}.Release|x64.Build.0 = Release|Any CPU
		{F906B214-6443-41D8-9343-8B013783FC85}.Release|x86.ActiveCfg = Release|Any CPU
		{F906B214-6443-41D8-9343-8B013783FC85}.Release|x86.Build.0 = Release|Any CPU
		{3667EB5D-58EB-4353-8601-B809423103F1}.Debug|Any CPU.ActiveCfg = Debug|Any CPU
		{3667EB5D-58EB-4353-8601-B809423103F1}.Debug|Any CPU.Build.0 = Debug|Any CPU
		{3667EB5D-58EB-4353-8601-B809423103F1}.Debug|x64.ActiveCfg = Debug|Any CPU
		{3667EB5D-58EB-4353-8601-B809423103F1}.Debug|x64.Build.0 = Debug|Any CPU
		{3667EB5D-58EB-4353-8601-B809423103F1}.Debug|x86.ActiveCfg = Debug|Any CPU
		{3667EB5D-58EB-4353-8601-B809423103F1}.Debug|x86.Build.0 = Debug|Any CPU
		{3667EB5D-58EB-4353-8601-B809423103F1}.Release|Any CPU.ActiveCfg = Release|Any CPU
		{3667EB5D-58EB-4353-8601-B809423103F1}.Release|Any CPU.Build.0 = Release|Any CPU
		{3667EB5D-58EB-4353-8601-B809423103F1}.Release|x64.ActiveCfg = Release|Any CPU
		{3667EB5D-58EB-4353-8601-B809423103F1}.Release|x64.Build.0 = Release|Any CPU
		{3667EB5D-58EB-4353-8601-B809423103F1}.Release|x86.ActiveCfg = Release|Any CPU
		{3667EB5D-58EB-4353-8601-B809423103F1}.Release|x86.Build.0 = Release|Any CPU
		{02EB614D-F907-4DB3-A755-BD106FA25FD7}.Debug|Any CPU.ActiveCfg = Debug|Any CPU
		{02EB614D-F907-4DB3-A755-BD106FA25FD7}.Debug|Any CPU.Build.0 = Debug|Any CPU
		{02EB614D-F907-4DB3-A755-BD106FA25FD7}.Debug|x64.ActiveCfg = Debug|Any CPU
		{02EB614D-F907-4DB3-A755-BD106FA25FD7}.Debug|x64.Build.0 = Debug|Any CPU
		{02EB614D-F907-4DB3-A755-BD106FA25FD7}.Debug|x86.ActiveCfg = Debug|Any CPU
		{02EB614D-F907-4DB3-A755-BD106FA25FD7}.Debug|x86.Build.0 = Debug|Any CPU
		{02EB614D-F907-4DB3-A755-BD106FA25FD7}.Release|Any CPU.ActiveCfg = Release|Any CPU
		{02EB614D-F907-4DB3-A755-BD106FA25FD7}.Release|Any CPU.Build.0 = Release|Any CPU
		{02EB614D-F907-4DB3-A755-BD106FA25FD7}.Release|x64.ActiveCfg = Release|Any CPU
		{02EB614D-F907-4DB3-A755-BD106FA25FD7}.Release|x64.Build.0 = Release|Any CPU
		{02EB614D-F907-4DB3-A755-BD106FA25FD7}.Release|x86.ActiveCfg = Release|Any CPU
		{02EB614D-F907-4DB3-A755-BD106FA25FD7}.Release|x86.Build.0 = Release|Any CPU
		{4456B4E1-2017-412D-B2C6-87A628C90C33}.Debug|Any CPU.ActiveCfg = Debug|Any CPU
		{4456B4E1-2017-412D-B2C6-87A628C90C33}.Debug|Any CPU.Build.0 = Debug|Any CPU
		{4456B4E1-2017-412D-B2C6-87A628C90C33}.Debug|x64.ActiveCfg = Debug|Any CPU
		{4456B4E1-2017-412D-B2C6-87A628C90C33}.Debug|x64.Build.0 = Debug|Any CPU
		{4456B4E1-2017-412D-B2C6-87A628C90C33}.Debug|x86.ActiveCfg = Debug|Any CPU
		{4456B4E1-2017-412D-B2C6-87A628C90C33}.Debug|x86.Build.0 = Debug|Any CPU
		{4456B4E1-2017-412D-B2C6-87A628C90C33}.Release|Any CPU.ActiveCfg = Release|Any CPU
		{4456B4E1-2017-412D-B2C6-87A628C90C33}.Release|Any CPU.Build.0 = Release|Any CPU
		{4456B4E1-2017-412D-B2C6-87A628C90C33}.Release|x64.ActiveCfg = Release|Any CPU
		{4456B4E1-2017-412D-B2C6-87A628C90C33}.Release|x64.Build.0 = Release|Any CPU
		{4456B4E1-2017-412D-B2C6-87A628C90C33}.Release|x86.ActiveCfg = Release|Any CPU
		{4456B4E1-2017-412D-B2C6-87A628C90C33}.Release|x86.Build.0 = Release|Any CPU
	EndGlobalSection
	GlobalSection(SolutionProperties) = preSolution
		HideSolutionNode = FALSE
	EndGlobalSection
	GlobalSection(NestedProjects) = preSolution
		{4456B4E1-2017-412D-B2C6-87A628C90C33} = {7DFF1764-2EE6-480E-9547-E06785CAE41D}
	EndGlobalSection
	GlobalSection(ExtensibilityGlobals) = postSolution
		SolutionGuid = {C3800071-5D60-44BA-8908-F7CC76CA164A}
	EndGlobalSection
EndGlobal
